
Microsoft Visual Studio Solution File, Format Version 12.00
# Visual Studio Version 17
VisualStudioVersion = 17.8.34408.163
MinimumVisualStudioVersion = 10.0.40219.1
Project("{FAE04EC0-301F-11D3-BF4B-00C04F79EFBC}") = "To-DoAppAPI", "To-DoAppAPI\To-DoAppAPI.csproj", "{27DC90DE-BA82-43B7-B4F8-9337C719F722}"
EndProject
Global
	GlobalSection(SolutionConfigurationPlatforms) = preSolution
		Debug|Any CPU = Debug|Any CPU
		Release|Any CPU = Release|Any CPU
	EndGlobalSection
	GlobalSection(ProjectConfigurationPlatforms) = postSolution
		{27DC90DE-BA82-43B7-B4F8-9337C719F722}.Debug|Any CPU.ActiveCfg = Debug|Any CPU
		{27DC90DE-BA82-43B7-B4F8-9337C719F722}.Debug|Any CPU.Build.0 = Debug|Any CPU
		{27DC90DE-BA82-43B7-B4F8-9337C719F722}.Release|Any CPU.ActiveCfg = Release|Any CPU
		{27DC90DE-BA82-43B7-B4F8-9337C719F722}.Release|Any CPU.Build.0 = Release|Any CPU
	EndGlobalSection
	GlobalSection(SolutionProperties) = preSolution
		HideSolutionNode = FALSE
	EndGlobalSection
	GlobalSection(ExtensibilityGlobals) = postSolution
		SolutionGuid = {F16CC207-E0C2-48CC-A2D5-98C1C30BB0B2}
	EndGlobalSection
EndGlobal
